
Microsoft Visual Studio Solution File, Format Version 12.00
# Visual Studio 15
VisualStudioVersion = 15.0.28307.960
MinimumVisualStudioVersion = 10.0.40219.1
Project("{FAE04EC0-301F-11D3-BF4B-00C04F79EFBC}") = "API_Lab01", "API_Lab01\API_Lab01.csproj", "{27561101-7609-4024-805E-A9399AA55FE3}"
EndProject
Project("{FAE04EC0-301F-11D3-BF4B-00C04F79EFBC}") = "Client", "Client\Client.csproj", "{54DD8146-CEB7-407C-9301-7FCF1D6380E8}"
EndProject
Global
	GlobalSection(SolutionConfigurationPlatforms) = preSolution
		Debug|Any CPU = Debug|Any CPU
		Release|Any CPU = Release|Any CPU
	EndGlobalSection
	GlobalSection(ProjectConfigurationPlatforms) = postSolution
		{27561101-7609-4024-805E-A9399AA55FE3}.Debug|Any CPU.ActiveCfg = Debug|Any CPU
		{27561101-7609-4024-805E-A9399AA55FE3}.Debug|Any CPU.Build.0 = Debug|Any CPU
		{27561101-7609-4024-805E-A9399AA55FE3}.Release|Any CPU.ActiveCfg = Release|Any CPU
		{27561101-7609-4024-805E-A9399AA55FE3}.Release|Any CPU.Build.0 = Release|Any CPU
		{54DD8146-CEB7-407C-9301-7FCF1D6380E8}.Debug|Any CPU.ActiveCfg = Debug|Any CPU
		{54DD8146-CEB7-407C-9301-7FCF1D6380E8}.Debug|Any CPU.Build.0 = Debug|Any CPU
		{54DD8146-CEB7-407C-9301-7FCF1D6380E8}.Release|Any CPU.ActiveCfg = Release|Any CPU
		{54DD8146-CEB7-407C-9301-7FCF1D6380E8}.Release|Any CPU.Build.0 = Release|Any CPU
	EndGlobalSection
	GlobalSection(SolutionProperties) = preSolution
		HideSolutionNode = FALSE
	EndGlobalSection
	GlobalSection(ExtensibilityGlobals) = postSolution
		SolutionGuid = {B97FCBBC-F9E2-4DA1-AEB1-7AFEFB6A8094}
	EndGlobalSection
EndGlobal
