
Microsoft Visual Studio Solution File, Format Version 12.00
# Visual Studio 15
VisualStudioVersion = 15.0.28307.960
MinimumVisualStudioVersion = 10.0.40219.1
Project("{FAE04EC0-301F-11D3-BF4B-00C04F79EFBC}") = "Lab01Cap02.ADONet.Web", "Lab01Cap02.ADONet.Web\Lab01Cap02.ADONet.Web.csproj", "{EA076528-A439-48C1-912C-FD34731D56E0}"
EndProject
Project("{FAE04EC0-301F-11D3-BF4B-00C04F79EFBC}") = "Lab01Cap02.ADONet.Business", "Lab01Cap02.ADONet.Business\Lab01Cap02.ADONet.Business.csproj", "{0E26A2E0-FAF9-4F05-ADC0-2B0D21F2B44F}"
EndProject
Project("{FAE04EC0-301F-11D3-BF4B-00C04F79EFBC}") = "Lab01Cap02.ADONet.Models", "Lab01Cap02.ADONet.Models\Lab01Cap02.ADONet.Models.csproj", "{25E942D9-875E-4971-897B-9BFD68100173}"
EndProject
Project("{FAE04EC0-301F-11D3-BF4B-00C04F79EFBC}") = "Lab01Cap02.ADONet.Data", "Lab01Cap02.ADONet.Data\Lab01Cap02.ADONet.Data.csproj", "{A7FF1E1C-4E67-4C27-B0CE-32928FC6CEF5}"
EndProject
Global
	GlobalSection(SolutionConfigurationPlatforms) = preSolution
		Debug|Any CPU = Debug|Any CPU
		Release|Any CPU = Release|Any CPU
	EndGlobalSection
	GlobalSection(ProjectConfigurationPlatforms) = postSolution
		{EA076528-A439-48C1-912C-FD34731D56E0}.Debug|Any CPU.ActiveCfg = Debug|Any CPU
		{EA076528-A439-48C1-912C-FD34731D56E0}.Debug|Any CPU.Build.0 = Debug|Any CPU
		{EA076528-A439-48C1-912C-FD34731D56E0}.Release|Any CPU.ActiveCfg = Release|Any CPU
		{EA076528-A439-48C1-912C-FD34731D56E0}.Release|Any CPU.Build.0 = Release|Any CPU
		{0E26A2E0-FAF9-4F05-ADC0-2B0D21F2B44F}.Debug|Any CPU.ActiveCfg = Debug|Any CPU
		{0E26A2E0-FAF9-4F05-ADC0-2B0D21F2B44F}.Debug|Any CPU.Build.0 = Debug|Any CPU
		{0E26A2E0-FAF9-4F05-ADC0-2B0D21F2B44F}.Release|Any CPU.ActiveCfg = Release|Any CPU
		{0E26A2E0-FAF9-4F05-ADC0-2B0D21F2B44F}.Release|Any CPU.Build.0 = Release|Any CPU
		{25E942D9-875E-4971-897B-9BFD68100173}.Debug|Any CPU.ActiveCfg = Debug|Any CPU
		{25E942D9-875E-4971-897B-9BFD68100173}.Debug|Any CPU.Build.0 = Debug|Any CPU
		{25E942D9-875E-4971-897B-9BFD68100173}.Release|Any CPU.ActiveCfg = Release|Any CPU
		{25E942D9-875E-4971-897B-9BFD68100173}.Release|Any CPU.Build.0 = Release|Any CPU
		{A7FF1E1C-4E67-4C27-B0CE-32928FC6CEF5}.Debug|Any CPU.ActiveCfg = Debug|Any CPU
		{A7FF1E1C-4E67-4C27-B0CE-32928FC6CEF5}.Debug|Any CPU.Build.0 = Debug|Any CPU
		{A7FF1E1C-4E67-4C27-B0CE-32928FC6CEF5}.Release|Any CPU.ActiveCfg = Release|Any CPU
		{A7FF1E1C-4E67-4C27-B0CE-32928FC6CEF5}.Release|Any CPU.Build.0 = Release|Any CPU
	EndGlobalSection
	GlobalSection(SolutionProperties) = preSolution
		HideSolutionNode = FALSE
	EndGlobalSection
	GlobalSection(ExtensibilityGlobals) = postSolution
		SolutionGuid = {89C6047D-82C3-4AFD-8E70-1A3901933191}
	EndGlobalSection
EndGlobal
